
Microsoft Visual Studio Solution File, Format Version 12.00
# Visual Studio Version 17
VisualStudioVersion = 17.12.35527.113 d17.12
MinimumVisualStudioVersion = 10.0.40219.1
Project("{FAE04EC0-301F-11D3-BF4B-00C04F79EFBC}") = "Company.Web", "Company.Web\Company.Web.csproj", "{D528B595-2B9A-4506-8FB5-F33FD1C5947E}"
EndProject
Project("{FAE04EC0-301F-11D3-BF4B-00C04F79EFBC}") = "Company.Data", "Company.Data\Company.Data.csproj", "{D5C0DBA6-CC20-4F89-9859-AFEFC3DC4EB3}"
EndProject
Project("{FAE04EC0-301F-11D3-BF4B-00C04F79EFBC}") = "Company.Repository", "Company.Repository\Company.Repository.csproj", "{A28FDF4F-26E8-4A84-A7AC-2DEC7A0C104F}"
EndProject
Project("{FAE04EC0-301F-11D3-BF4B-00C04F79EFBC}") = "Company.Service", "Company.Service\Company.Service.csproj", "{37D5A1C8-8028-44CD-846F-0E4F72F2F3DD}"
EndProject
Global
	GlobalSection(SolutionConfigurationPlatforms) = preSolution
		Debug|Any CPU = Debug|Any CPU
		Release|Any CPU = Release|Any CPU
	EndGlobalSection
	GlobalSection(ProjectConfigurationPlatforms) = postSolution
		{D528B595-2B9A-4506-8FB5-F33FD1C5947E}.Debug|Any CPU.ActiveCfg = Debug|Any CPU
		{D528B595-2B9A-4506-8FB5-F33FD1C5947E}.Debug|Any CPU.Build.0 = Debug|Any CPU
		{D528B595-2B9A-4506-8FB5-F33FD1C5947E}.Release|Any CPU.ActiveCfg = Release|Any CPU
		{D528B595-2B9A-4506-8FB5-F33FD1C5947E}.Release|Any CPU.Build.0 = Release|Any CPU
		{D5C0DBA6-CC20-4F89-9859-AFEFC3DC4EB3}.Debug|Any CPU.ActiveCfg = Debug|Any CPU
		{D5C0DBA6-CC20-4F89-9859-AFEFC3DC4EB3}.Debug|Any CPU.Build.0 = Debug|Any CPU
		{D5C0DBA6-CC20-4F89-9859-AFEFC3DC4EB3}.Release|Any CPU.ActiveCfg = Release|Any CPU
		{D5C0DBA6-CC20-4F89-9859-AFEFC3DC4EB3}.Release|Any CPU.Build.0 = Release|Any CPU
		{A28FDF4F-26E8-4A84-A7AC-2DEC7A0C104F}.Debug|Any CPU.ActiveCfg = Debug|Any CPU
		{A28FDF4F-26E8-4A84-A7AC-2DEC7A0C104F}.Debug|Any CPU.Build.0 = Debug|Any CPU
		{A28FDF4F-26E8-4A84-A7AC-2DEC7A0C104F}.Release|Any CPU.ActiveCfg = Release|Any CPU
		{A28FDF4F-26E8-4A84-A7AC-2DEC7A0C104F}.Release|Any CPU.Build.0 = Release|Any CPU
		{37D5A1C8-8028-44CD-846F-0E4F72F2F3DD}.Debug|Any CPU.ActiveCfg = Debug|Any CPU
		{37D5A1C8-8028-44CD-846F-0E4F72F2F3DD}.Debug|Any CPU.Build.0 = Debug|Any CPU
		{37D5A1C8-8028-44CD-846F-0E4F72F2F3DD}.Release|Any CPU.ActiveCfg = Release|Any CPU
		{37D5A1C8-8028-44CD-846F-0E4F72F2F3DD}.Release|Any CPU.Build.0 = Release|Any CPU
	EndGlobalSection
	GlobalSection(SolutionProperties) = preSolution
		HideSolutionNode = FALSE
	EndGlobalSection
EndGlobal
